// !$*UTF8*$!
{
	archiveVersion = 1;
	classes = {
	};
	objectVersion = 50;
	objects = {

/* Begin PBXBuildFile section */
		AC56C20F23917FF2003A7B54 /* ImageProvider.swift in Sources */ = {isa = PBXBuildFile; fileRef = AC56C20E23917FF2003A7B54 /* ImageProvider.swift */; };
		AC56C21223918023003A7B54 /* ImageRepository.swift in Sources */ = {isa = PBXBuildFile; fileRef = AC56C21123918023003A7B54 /* ImageRepository.swift */; };
		AC56C21623918087003A7B54 /* JSONBodyEncoder.swift in Sources */ = {isa = PBXBuildFile; fileRef = AC56C21523918087003A7B54 /* JSONBodyEncoder.swift */; };
		AC56C21A23918116003A7B54 /* HTTPEngine.swift in Sources */ = {isa = PBXBuildFile; fileRef = AC56C21923918116003A7B54 /* HTTPEngine.swift */; };
		AC56C21D23918170003A7B54 /* URLSessionEngine.swift in Sources */ = {isa = PBXBuildFile; fileRef = AC56C21C23918170003A7B54 /* URLSessionEngine.swift */; };
		AC56C21F2391818B003A7B54 /* RequestCancellationToken.swift in Sources */ = {isa = PBXBuildFile; fileRef = AC56C21E2391818B003A7B54 /* RequestCancellationToken.swift */; };
		AC56C221239181A8003A7B54 /* HTTPClient.swift in Sources */ = {isa = PBXBuildFile; fileRef = AC56C220239181A8003A7B54 /* HTTPClient.swift */; };
		AC56C223239181E5003A7B54 /* HTTPResponse.swift in Sources */ = {isa = PBXBuildFile; fileRef = AC56C222239181E5003A7B54 /* HTTPResponse.swift */; };
		AC56C225239181FD003A7B54 /* HTTPRequest.swift in Sources */ = {isa = PBXBuildFile; fileRef = AC56C224239181FD003A7B54 /* HTTPRequest.swift */; };
		AC56C22723918216003A7B54 /* URLRequestBuilder.swift in Sources */ = {isa = PBXBuildFile; fileRef = AC56C22623918216003A7B54 /* URLRequestBuilder.swift */; };
		AC56C22923918231003A7B54 /* ExecutableRequest.swift in Sources */ = {isa = PBXBuildFile; fileRef = AC56C22823918231003A7B54 /* ExecutableRequest.swift */; };
		AC56C22B2391824A003A7B54 /* ExecutableDownloadRequest.swift in Sources */ = {isa = PBXBuildFile; fileRef = AC56C22A2391824A003A7B54 /* ExecutableDownloadRequest.swift */; };
		AC56C22D2391827E003A7B54 /* Promise.swift in Sources */ = {isa = PBXBuildFile; fileRef = AC56C22C2391827E003A7B54 /* Promise.swift */; };
		AC56C22F23918293003A7B54 /* EndPoint.swift in Sources */ = {isa = PBXBuildFile; fileRef = AC56C22E23918293003A7B54 /* EndPoint.swift */; };
		AC56C23123954107003A7B54 /* ListingTableViewCell.swift in Sources */ = {isa = PBXBuildFile; fileRef = AC56C23023954107003A7B54 /* ListingTableViewCell.swift */; };
		AC56C234239547B7003A7B54 /* ListingRepository.swift in Sources */ = {isa = PBXBuildFile; fileRef = AC56C233239547B7003A7B54 /* ListingRepository.swift */; };
		AC5D0DFD2397A18700A3F671 /* CategoriesDataSource.swift in Sources */ = {isa = PBXBuildFile; fileRef = AC5D0DFC2397A18700A3F671 /* CategoriesDataSource.swift */; };
		AC5D0DFF2397A1BF00A3F671 /* CategoriesTableViewCell.swift in Sources */ = {isa = PBXBuildFile; fileRef = AC5D0DFE2397A1BF00A3F671 /* CategoriesTableViewCell.swift */; };
		AC6C47302395549C00B4B2F4 /* Alert.swift in Sources */ = {isa = PBXBuildFile; fileRef = AC6C472F2395549C00B4B2F4 /* Alert.swift */; };
		AC8C0B2C2391691A008B2006 /* AppDelegate.swift in Sources */ = {isa = PBXBuildFile; fileRef = AC8C0B2B2391691A008B2006 /* AppDelegate.swift */; };
		AC8C0B2E2391691A008B2006 /* SceneDelegate.swift in Sources */ = {isa = PBXBuildFile; fileRef = AC8C0B2D2391691A008B2006 /* SceneDelegate.swift */; };
		AC8C0B332391691A008B2006 /* Main.storyboard in Resources */ = {isa = PBXBuildFile; fileRef = AC8C0B312391691A008B2006 /* Main.storyboard */; };
		AC8C0B352391691D008B2006 /* Assets.xcassets in Resources */ = {isa = PBXBuildFile; fileRef = AC8C0B342391691D008B2006 /* Assets.xcassets */; };
		AC8C0B382391691D008B2006 /* LaunchScreen.storyboard in Resources */ = {isa = PBXBuildFile; fileRef = AC8C0B362391691D008B2006 /* LaunchScreen.storyboard */; };
		AC8C0B432391691E008B2006 /* EgymProjectTests.swift in Sources */ = {isa = PBXBuildFile; fileRef = AC8C0B422391691E008B2006 /* EgymProjectTests.swift */; };
		AC8C0B4E23916D87008B2006 /* Context.swift in Sources */ = {isa = PBXBuildFile; fileRef = AC8C0B4D23916D87008B2006 /* Context.swift */; };
		AC8C0B5023916EBA008B2006 /* AppCoordinator.swift in Sources */ = {isa = PBXBuildFile; fileRef = AC8C0B4F23916EBA008B2006 /* AppCoordinator.swift */; };
		AC8C0B5223916F1A008B2006 /* TabCoordinator.swift in Sources */ = {isa = PBXBuildFile; fileRef = AC8C0B5123916F1A008B2006 /* TabCoordinator.swift */; };
		AC8C0B54239172B1008B2006 /* Screens.swift in Sources */ = {isa = PBXBuildFile; fileRef = AC8C0B53239172B1008B2006 /* Screens.swift */; };
		AC8C0B56239177A9008B2006 /* ListingViewController.swift in Sources */ = {isa = PBXBuildFile; fileRef = AC8C0B55239177A9008B2006 /* ListingViewController.swift */; };
		AC8C0B592391782F008B2006 /* ListingViewModel.swift in Sources */ = {isa = PBXBuildFile; fileRef = AC8C0B582391782F008B2006 /* ListingViewModel.swift */; };
		AC8C0B5B239178A9008B2006 /* CategoriesViewController.swift in Sources */ = {isa = PBXBuildFile; fileRef = AC8C0B5A239178A9008B2006 /* CategoriesViewController.swift */; };
		AC8C0B5E239178DE008B2006 /* CategoriesViewModel.swift in Sources */ = {isa = PBXBuildFile; fileRef = AC8C0B5D239178DE008B2006 /* CategoriesViewModel.swift */; };
		AC8C0B602391790E008B2006 /* ArticleViewController.swift in Sources */ = {isa = PBXBuildFile; fileRef = AC8C0B5F2391790E008B2006 /* ArticleViewController.swift */; };
		AC8C0B63239179B5008B2006 /* ArticleViewModel.swift in Sources */ = {isa = PBXBuildFile; fileRef = AC8C0B62239179B5008B2006 /* ArticleViewModel.swift */; };
		AC8C0B6523917BB2008B2006 /* CategoriesCoordinator.swift in Sources */ = {isa = PBXBuildFile; fileRef = AC8C0B6423917BB2008B2006 /* CategoriesCoordinator.swift */; };
		AC8C0B6723917BBE008B2006 /* FeedCoordinator.swift in Sources */ = {isa = PBXBuildFile; fileRef = AC8C0B6623917BBE008B2006 /* FeedCoordinator.swift */; };
		AC8C0B6923917BC8008B2006 /* FavoriteCoordinator.swift in Sources */ = {isa = PBXBuildFile; fileRef = AC8C0B6823917BC8008B2006 /* FavoriteCoordinator.swift */; };
		AC980F8623954A3F00011B56 /* ListingDataSource.swift in Sources */ = {isa = PBXBuildFile; fileRef = AC980F8523954A3F00011B56 /* ListingDataSource.swift */; };
		AC980F8823954D4400011B56 /* ArticleResponse.swift in Sources */ = {isa = PBXBuildFile; fileRef = AC980F8723954D4400011B56 /* ArticleResponse.swift */; };
		ACC3438C2397AD5200098152 /* CategoriesRepository.swift in Sources */ = {isa = PBXBuildFile; fileRef = ACC3438B2397AD5200098152 /* CategoriesRepository.swift */; };
/* End PBXBuildFile section */

/* Begin PBXContainerItemProxy section */
		AC8C0B3F2391691E008B2006 /* PBXContainerItemProxy */ = {
			isa = PBXContainerItemProxy;
			containerPortal = AC8C0B2023916919008B2006 /* Project object */;
			proxyType = 1;
			remoteGlobalIDString = AC8C0B2723916919008B2006;
			remoteInfo = EgymProject;
		};
/* End PBXContainerItemProxy section */

/* Begin PBXFileReference section */
		AC56C20E23917FF2003A7B54 /* ImageProvider.swift */ = {isa = PBXFileReference; lastKnownFileType = sourcecode.swift; path = ImageProvider.swift; sourceTree = "<group>"; };
		AC56C21123918023003A7B54 /* ImageRepository.swift */ = {isa = PBXFileReference; lastKnownFileType = sourcecode.swift; path = ImageRepository.swift; sourceTree = "<group>"; };
		AC56C21523918087003A7B54 /* JSONBodyEncoder.swift */ = {isa = PBXFileReference; lastKnownFileType = sourcecode.swift; path = JSONBodyEncoder.swift; sourceTree = "<group>"; };
		AC56C21923918116003A7B54 /* HTTPEngine.swift */ = {isa = PBXFileReference; lastKnownFileType = sourcecode.swift; path = HTTPEngine.swift; sourceTree = "<group>"; };
		AC56C21C23918170003A7B54 /* URLSessionEngine.swift */ = {isa = PBXFileReference; lastKnownFileType = sourcecode.swift; path = URLSessionEngine.swift; sourceTree = "<group>"; };
		AC56C21E2391818B003A7B54 /* RequestCancellationToken.swift */ = {isa = PBXFileReference; lastKnownFileType = sourcecode.swift; path = RequestCancellationToken.swift; sourceTree = "<group>"; };
		AC56C220239181A8003A7B54 /* HTTPClient.swift */ = {isa = PBXFileReference; lastKnownFileType = sourcecode.swift; path = HTTPClient.swift; sourceTree = "<group>"; };
		AC56C222239181E5003A7B54 /* HTTPResponse.swift */ = {isa = PBXFileReference; lastKnownFileType = sourcecode.swift; path = HTTPResponse.swift; sourceTree = "<group>"; };
		AC56C224239181FD003A7B54 /* HTTPRequest.swift */ = {isa = PBXFileReference; lastKnownFileType = sourcecode.swift; path = HTTPRequest.swift; sourceTree = "<group>"; };
		AC56C22623918216003A7B54 /* URLRequestBuilder.swift */ = {isa = PBXFileReference; lastKnownFileType = sourcecode.swift; path = URLRequestBuilder.swift; sourceTree = "<group>"; };
		AC56C22823918231003A7B54 /* ExecutableRequest.swift */ = {isa = PBXFileReference; lastKnownFileType = sourcecode.swift; path = ExecutableRequest.swift; sourceTree = "<group>"; };
		AC56C22A2391824A003A7B54 /* ExecutableDownloadRequest.swift */ = {isa = PBXFileReference; lastKnownFileType = sourcecode.swift; path = ExecutableDownloadRequest.swift; sourceTree = "<group>"; };
		AC56C22C2391827E003A7B54 /* Promise.swift */ = {isa = PBXFileReference; lastKnownFileType = sourcecode.swift; path = Promise.swift; sourceTree = "<group>"; };
		AC56C22E23918293003A7B54 /* EndPoint.swift */ = {isa = PBXFileReference; lastKnownFileType = sourcecode.swift; path = EndPoint.swift; sourceTree = "<group>"; };
		AC56C23023954107003A7B54 /* ListingTableViewCell.swift */ = {isa = PBXFileReference; lastKnownFileType = sourcecode.swift; path = ListingTableViewCell.swift; sourceTree = "<group>"; };
		AC56C233239547B7003A7B54 /* ListingRepository.swift */ = {isa = PBXFileReference; lastKnownFileType = sourcecode.swift; path = ListingRepository.swift; sourceTree = "<group>"; };
		AC5D0DFC2397A18700A3F671 /* CategoriesDataSource.swift */ = {isa = PBXFileReference; lastKnownFileType = sourcecode.swift; path = CategoriesDataSource.swift; sourceTree = "<group>"; };
		AC5D0DFE2397A1BF00A3F671 /* CategoriesTableViewCell.swift */ = {isa = PBXFileReference; lastKnownFileType = sourcecode.swift; path = CategoriesTableViewCell.swift; sourceTree = "<group>"; };
		AC6C472F2395549C00B4B2F4 /* Alert.swift */ = {isa = PBXFileReference; lastKnownFileType = sourcecode.swift; path = Alert.swift; sourceTree = "<group>"; };
		AC8C0B282391691A008B2006 /* EgymProject.app */ = {isa = PBXFileReference; explicitFileType = wrapper.application; includeInIndex = 0; path = EgymProject.app; sourceTree = BUILT_PRODUCTS_DIR; };
		AC8C0B2B2391691A008B2006 /* AppDelegate.swift */ = {isa = PBXFileReference; lastKnownFileType = sourcecode.swift; path = AppDelegate.swift; sourceTree = "<group>"; };
		AC8C0B2D2391691A008B2006 /* SceneDelegate.swift */ = {isa = PBXFileReference; lastKnownFileType = sourcecode.swift; path = SceneDelegate.swift; sourceTree = "<group>"; };
		AC8C0B322391691A008B2006 /* Base */ = {isa = PBXFileReference; lastKnownFileType = file.storyboard; name = Base; path = Base.lproj/Main.storyboard; sourceTree = "<group>"; };
		AC8C0B342391691D008B2006 /* Assets.xcassets */ = {isa = PBXFileReference; lastKnownFileType = folder.assetcatalog; path = Assets.xcassets; sourceTree = "<group>"; };
		AC8C0B372391691D008B2006 /* Base */ = {isa = PBXFileReference; lastKnownFileType = file.storyboard; name = Base; path = Base.lproj/LaunchScreen.storyboard; sourceTree = "<group>"; };
		AC8C0B392391691D008B2006 /* Info.plist */ = {isa = PBXFileReference; lastKnownFileType = text.plist.xml; path = Info.plist; sourceTree = "<group>"; };
		AC8C0B3E2391691E008B2006 /* EgymProjectTests.xctest */ = {isa = PBXFileReference; explicitFileType = wrapper.cfbundle; includeInIndex = 0; path = EgymProjectTests.xctest; sourceTree = BUILT_PRODUCTS_DIR; };
		AC8C0B422391691E008B2006 /* EgymProjectTests.swift */ = {isa = PBXFileReference; lastKnownFileType = sourcecode.swift; path = EgymProjectTests.swift; sourceTree = "<group>"; };
		AC8C0B442391691E008B2006 /* Info.plist */ = {isa = PBXFileReference; lastKnownFileType = text.plist.xml; path = Info.plist; sourceTree = "<group>"; };
		AC8C0B4D23916D87008B2006 /* Context.swift */ = {isa = PBXFileReference; lastKnownFileType = sourcecode.swift; path = Context.swift; sourceTree = "<group>"; };
		AC8C0B4F23916EBA008B2006 /* AppCoordinator.swift */ = {isa = PBXFileReference; lastKnownFileType = sourcecode.swift; path = AppCoordinator.swift; sourceTree = "<group>"; };
		AC8C0B5123916F1A008B2006 /* TabCoordinator.swift */ = {isa = PBXFileReference; lastKnownFileType = sourcecode.swift; path = TabCoordinator.swift; sourceTree = "<group>"; };
		AC8C0B53239172B1008B2006 /* Screens.swift */ = {isa = PBXFileReference; lastKnownFileType = sourcecode.swift; path = Screens.swift; sourceTree = "<group>"; };
		AC8C0B55239177A9008B2006 /* ListingViewController.swift */ = {isa = PBXFileReference; lastKnownFileType = sourcecode.swift; path = ListingViewController.swift; sourceTree = "<group>"; };
		AC8C0B582391782F008B2006 /* ListingViewModel.swift */ = {isa = PBXFileReference; lastKnownFileType = sourcecode.swift; path = ListingViewModel.swift; sourceTree = "<group>"; };
		AC8C0B5A239178A9008B2006 /* CategoriesViewController.swift */ = {isa = PBXFileReference; lastKnownFileType = sourcecode.swift; path = CategoriesViewController.swift; sourceTree = "<group>"; };
		AC8C0B5D239178DE008B2006 /* CategoriesViewModel.swift */ = {isa = PBXFileReference; lastKnownFileType = sourcecode.swift; path = CategoriesViewModel.swift; sourceTree = "<group>"; };
		AC8C0B5F2391790E008B2006 /* ArticleViewController.swift */ = {isa = PBXFileReference; lastKnownFileType = sourcecode.swift; path = ArticleViewController.swift; sourceTree = "<group>"; };
		AC8C0B62239179B5008B2006 /* ArticleViewModel.swift */ = {isa = PBXFileReference; lastKnownFileType = sourcecode.swift; path = ArticleViewModel.swift; sourceTree = "<group>"; };
		AC8C0B6423917BB2008B2006 /* CategoriesCoordinator.swift */ = {isa = PBXFileReference; lastKnownFileType = sourcecode.swift; path = CategoriesCoordinator.swift; sourceTree = "<group>"; };
		AC8C0B6623917BBE008B2006 /* FeedCoordinator.swift */ = {isa = PBXFileReference; lastKnownFileType = sourcecode.swift; path = FeedCoordinator.swift; sourceTree = "<group>"; };
		AC8C0B6823917BC8008B2006 /* FavoriteCoordinator.swift */ = {isa = PBXFileReference; lastKnownFileType = sourcecode.swift; path = FavoriteCoordinator.swift; sourceTree = "<group>"; };
		AC980F8523954A3F00011B56 /* ListingDataSource.swift */ = {isa = PBXFileReference; lastKnownFileType = sourcecode.swift; path = ListingDataSource.swift; sourceTree = "<group>"; };
		AC980F8723954D4400011B56 /* ArticleResponse.swift */ = {isa = PBXFileReference; lastKnownFileType = sourcecode.swift; path = ArticleResponse.swift; sourceTree = "<group>"; };
		ACC3438B2397AD5200098152 /* CategoriesRepository.swift */ = {isa = PBXFileReference; lastKnownFileType = sourcecode.swift; path = CategoriesRepository.swift; sourceTree = "<group>"; };
/* End PBXFileReference section */

/* Begin PBXFrameworksBuildPhase section */
		AC8C0B2523916919008B2006 /* Frameworks */ = {
			isa = PBXFrameworksBuildPhase;
			buildActionMask = 2147483647;
			files = (
			);
			runOnlyForDeploymentPostprocessing = 0;
		};
		AC8C0B3B2391691E008B2006 /* Frameworks */ = {
			isa = PBXFrameworksBuildPhase;
			buildActionMask = 2147483647;
			files = (
			);
			runOnlyForDeploymentPostprocessing = 0;
		};
/* End PBXFrameworksBuildPhase section */

/* Begin PBXGroup section */
		AC56C21023918004003A7B54 /* Images */ = {
			isa = PBXGroup;
			children = (
				AC56C20E23917FF2003A7B54 /* ImageProvider.swift */,
				AC56C21123918023003A7B54 /* ImageRepository.swift */,
			);
			path = Images;
			sourceTree = "<group>";
		};
		AC56C21723918097003A7B54 /* Network */ = {
			isa = PBXGroup;
			children = (
				AC56C218239180A3003A7B54 /* Request Encoding */,
				AC56C21B2391811D003A7B54 /* Engine */,
				AC56C220239181A8003A7B54 /* HTTPClient.swift */,
				AC56C222239181E5003A7B54 /* HTTPResponse.swift */,
				AC56C224239181FD003A7B54 /* HTTPRequest.swift */,
				AC56C22623918216003A7B54 /* URLRequestBuilder.swift */,
				AC56C22A2391824A003A7B54 /* ExecutableDownloadRequest.swift */,
				AC56C22823918231003A7B54 /* ExecutableRequest.swift */,
				AC56C22E23918293003A7B54 /* EndPoint.swift */,
				AC56C22C2391827E003A7B54 /* Promise.swift */,
			);
			path = Network;
			sourceTree = "<group>";
		};
		AC56C218239180A3003A7B54 /* Request Encoding */ = {
			isa = PBXGroup;
			children = (
				AC56C21523918087003A7B54 /* JSONBodyEncoder.swift */,
			);
			path = "Request Encoding";
			sourceTree = "<group>";
		};
		AC56C21B2391811D003A7B54 /* Engine */ = {
			isa = PBXGroup;
			children = (
				AC56C21923918116003A7B54 /* HTTPEngine.swift */,
				AC56C21C23918170003A7B54 /* URLSessionEngine.swift */,
				AC56C21E2391818B003A7B54 /* RequestCancellationToken.swift */,
			);
			path = Engine;
			sourceTree = "<group>";
		};
		AC56C2322395410C003A7B54 /* Cell */ = {
			isa = PBXGroup;
			children = (
				AC56C23023954107003A7B54 /* ListingTableViewCell.swift */,
			);
			path = Cell;
			sourceTree = "<group>";
		};
		AC5D0E002397A1C300A3F671 /* Cell */ = {
			isa = PBXGroup;
			children = (
				AC5D0DFE2397A1BF00A3F671 /* CategoriesTableViewCell.swift */,
			);
			path = Cell;
			sourceTree = "<group>";
		};
		AC6C4731239554A900B4B2F4 /* Alerts */ = {
			isa = PBXGroup;
			children = (
				AC6C472F2395549C00B4B2F4 /* Alert.swift */,
			);
			path = Alerts;
			sourceTree = "<group>";
		};
		AC8C0B1F23916919008B2006 = {
			isa = PBXGroup;
			children = (
				AC8C0B2A2391691A008B2006 /* EgymProject */,
				AC8C0B412391691E008B2006 /* EgymProjectTests */,
				AC8C0B292391691A008B2006 /* Products */,
			);
			sourceTree = "<group>";
		};
		AC8C0B292391691A008B2006 /* Products */ = {
			isa = PBXGroup;
			children = (
				AC8C0B282391691A008B2006 /* EgymProject.app */,
				AC8C0B3E2391691E008B2006 /* EgymProjectTests.xctest */,
			);
			name = Products;
			sourceTree = "<group>";
		};
		AC8C0B2A2391691A008B2006 /* EgymProject */ = {
			isa = PBXGroup;
			children = (
				AC8C0B312391691A008B2006 /* Main.storyboard */,
				AC8C0B2B2391691A008B2006 /* AppDelegate.swift */,
				AC8C0B2D2391691A008B2006 /* SceneDelegate.swift */,
				AC8C0B6B23917BE1008B2006 /* Navigation */,
				AC8C0B57239177AE008B2006 /* Listing */,
				AC8C0B5C239178BC008B2006 /* Categories */,
				AC8C0B612391799F008B2006 /* Article */,
				AC56C21023918004003A7B54 /* Images */,
				AC56C21723918097003A7B54 /* Network */,
				AC6C4731239554A900B4B2F4 /* Alerts */,
				AC8C0B342391691D008B2006 /* Assets.xcassets */,
				AC8C0B362391691D008B2006 /* LaunchScreen.storyboard */,
				AC8C0B392391691D008B2006 /* Info.plist */,
			);
			path = EgymProject;
			sourceTree = "<group>";
		};
		AC8C0B412391691E008B2006 /* EgymProjectTests */ = {
			isa = PBXGroup;
			children = (
				AC8C0B422391691E008B2006 /* EgymProjectTests.swift */,
				AC8C0B442391691E008B2006 /* Info.plist */,
			);
			path = EgymProjectTests;
			sourceTree = "<group>";
		};
		AC8C0B57239177AE008B2006 /* Listing */ = {
			isa = PBXGroup;
			children = (
				AC980F8923954D4700011B56 /* Model */,
				AC56C2322395410C003A7B54 /* Cell */,
				AC8C0B55239177A9008B2006 /* ListingViewController.swift */,
				AC8C0B582391782F008B2006 /* ListingViewModel.swift */,
				AC980F8523954A3F00011B56 /* ListingDataSource.swift */,
				AC56C233239547B7003A7B54 /* ListingRepository.swift */,
			);
			path = Listing;
			sourceTree = "<group>";
		};
		AC8C0B5C239178BC008B2006 /* Categories */ = {
			isa = PBXGroup;
			children = (
				AC5D0E002397A1C300A3F671 /* Cell */,
				AC8C0B5A239178A9008B2006 /* CategoriesViewController.swift */,
				AC5D0DFC2397A18700A3F671 /* CategoriesDataSource.swift */,
				AC8C0B5D239178DE008B2006 /* CategoriesViewModel.swift */,
				ACC3438B2397AD5200098152 /* CategoriesRepository.swift */,
			);
			path = Categories;
			sourceTree = "<group>";
		};
		AC8C0B612391799F008B2006 /* Article */ = {
			isa = PBXGroup;
			children = (
				AC8C0B5F2391790E008B2006 /* ArticleViewController.swift */,
				AC8C0B62239179B5008B2006 /* ArticleViewModel.swift */,
			);
			path = Article;
			sourceTree = "<group>";
		};
		AC8C0B6A23917BCD008B2006 /* Coordinators */ = {
			isa = PBXGroup;
			children = (
				AC8C0B6623917BBE008B2006 /* FeedCoordinator.swift */,
				AC8C0B6423917BB2008B2006 /* CategoriesCoordinator.swift */,
				AC8C0B6823917BC8008B2006 /* FavoriteCoordinator.swift */,
			);
			path = Coordinators;
			sourceTree = "<group>";
		};
		AC8C0B6B23917BE1008B2006 /* Navigation */ = {
			isa = PBXGroup;
			children = (
				AC8C0B4F23916EBA008B2006 /* AppCoordinator.swift */,
				AC8C0B5123916F1A008B2006 /* TabCoordinator.swift */,
				AC8C0B53239172B1008B2006 /* Screens.swift */,
				AC8C0B4D23916D87008B2006 /* Context.swift */,
				AC8C0B6A23917BCD008B2006 /* Coordinators */,
			);
			path = Navigation;
			sourceTree = "<group>";
		};
		AC980F8923954D4700011B56 /* Model */ = {
			isa = PBXGroup;
			children = (
				AC980F8723954D4400011B56 /* ArticleResponse.swift */,
			);
			path = Model;
			sourceTree = "<group>";
		};
/* End PBXGroup section */

/* Begin PBXNativeTarget section */
		AC8C0B2723916919008B2006 /* EgymProject */ = {
			isa = PBXNativeTarget;
			buildConfigurationList = AC8C0B472391691E008B2006 /* Build configuration list for PBXNativeTarget "EgymProject" */;
			buildPhases = (
				AC8C0B2423916919008B2006 /* Sources */,
				AC8C0B2523916919008B2006 /* Frameworks */,
				AC8C0B2623916919008B2006 /* Resources */,
			);
			buildRules = (
			);
			dependencies = (
			);
			name = EgymProject;
			productName = EgymProject;
			productReference = AC8C0B282391691A008B2006 /* EgymProject.app */;
			productType = "com.apple.product-type.application";
		};
		AC8C0B3D2391691E008B2006 /* EgymProjectTests */ = {
			isa = PBXNativeTarget;
			buildConfigurationList = AC8C0B4A2391691E008B2006 /* Build configuration list for PBXNativeTarget "EgymProjectTests" */;
			buildPhases = (
				AC8C0B3A2391691E008B2006 /* Sources */,
				AC8C0B3B2391691E008B2006 /* Frameworks */,
				AC8C0B3C2391691E008B2006 /* Resources */,
			);
			buildRules = (
			);
			dependencies = (
				AC8C0B402391691E008B2006 /* PBXTargetDependency */,
			);
			name = EgymProjectTests;
			productName = EgymProjectTests;
			productReference = AC8C0B3E2391691E008B2006 /* EgymProjectTests.xctest */;
			productType = "com.apple.product-type.bundle.unit-test";
		};
/* End PBXNativeTarget section */

/* Begin PBXProject section */
		AC8C0B2023916919008B2006 /* Project object */ = {
			isa = PBXProject;
			attributes = {
				LastSwiftUpdateCheck = 1100;
				LastUpgradeCheck = 1100;
				ORGANIZATIONNAME = "Alexandre Quiblier";
				TargetAttributes = {
					AC8C0B2723916919008B2006 = {
						CreatedOnToolsVersion = 11.0;
					};
					AC8C0B3D2391691E008B2006 = {
						CreatedOnToolsVersion = 11.0;
						TestTargetID = AC8C0B2723916919008B2006;
					};
				};
			};
			buildConfigurationList = AC8C0B2323916919008B2006 /* Build configuration list for PBXProject "EgymProject" */;
			compatibilityVersion = "Xcode 9.3";
			developmentRegion = en;
			hasScannedForEncodings = 0;
			knownRegions = (
				en,
				Base,
			);
			mainGroup = AC8C0B1F23916919008B2006;
			productRefGroup = AC8C0B292391691A008B2006 /* Products */;
			projectDirPath = "";
			projectRoot = "";
			targets = (
				AC8C0B2723916919008B2006 /* EgymProject */,
				AC8C0B3D2391691E008B2006 /* EgymProjectTests */,
			);
		};
/* End PBXProject section */

/* Begin PBXResourcesBuildPhase section */
		AC8C0B2623916919008B2006 /* Resources */ = {
			isa = PBXResourcesBuildPhase;
			buildActionMask = 2147483647;
			files = (
				AC8C0B382391691D008B2006 /* LaunchScreen.storyboard in Resources */,
				AC8C0B352391691D008B2006 /* Assets.xcassets in Resources */,
				AC8C0B332391691A008B2006 /* Main.storyboard in Resources */,
			);
			runOnlyForDeploymentPostprocessing = 0;
		};
		AC8C0B3C2391691E008B2006 /* Resources */ = {
			isa = PBXResourcesBuildPhase;
			buildActionMask = 2147483647;
			files = (
			);
			runOnlyForDeploymentPostprocessing = 0;
		};
/* End PBXResourcesBuildPhase section */

/* Begin PBXSourcesBuildPhase section */
		AC8C0B2423916919008B2006 /* Sources */ = {
			isa = PBXSourcesBuildPhase;
			buildActionMask = 2147483647;
			files = (
				AC8C0B5223916F1A008B2006 /* TabCoordinator.swift in Sources */,
				AC8C0B5023916EBA008B2006 /* AppCoordinator.swift in Sources */,
				AC8C0B5E239178DE008B2006 /* CategoriesViewModel.swift in Sources */,
				AC56C223239181E5003A7B54 /* HTTPResponse.swift in Sources */,
				AC8C0B5B239178A9008B2006 /* CategoriesViewController.swift in Sources */,
				AC8C0B4E23916D87008B2006 /* Context.swift in Sources */,
				AC56C23123954107003A7B54 /* ListingTableViewCell.swift in Sources */,
				AC56C234239547B7003A7B54 /* ListingRepository.swift in Sources */,
				AC8C0B602391790E008B2006 /* ArticleViewController.swift in Sources */,
				AC56C221239181A8003A7B54 /* HTTPClient.swift in Sources */,
				AC56C21F2391818B003A7B54 /* RequestCancellationToken.swift in Sources */,
				AC8C0B54239172B1008B2006 /* Screens.swift in Sources */,
				AC8C0B56239177A9008B2006 /* ListingViewController.swift in Sources */,
				AC56C22F23918293003A7B54 /* EndPoint.swift in Sources */,
				AC56C22723918216003A7B54 /* URLRequestBuilder.swift in Sources */,
				AC8C0B6923917BC8008B2006 /* FavoriteCoordinator.swift in Sources */,
				AC56C21A23918116003A7B54 /* HTTPEngine.swift in Sources */,
				AC8C0B2C2391691A008B2006 /* AppDelegate.swift in Sources */,
				AC56C22B2391824A003A7B54 /* ExecutableDownloadRequest.swift in Sources */,
				ACC3438C2397AD5200098152 /* CategoriesRepository.swift in Sources */,
				AC56C21623918087003A7B54 /* JSONBodyEncoder.swift in Sources */,
				AC6C47302395549C00B4B2F4 /* Alert.swift in Sources */,
				AC8C0B63239179B5008B2006 /* ArticleViewModel.swift in Sources */,
				AC56C22923918231003A7B54 /* ExecutableRequest.swift in Sources */,
				AC56C21223918023003A7B54 /* ImageRepository.swift in Sources */,
				AC980F8623954A3F00011B56 /* ListingDataSource.swift in Sources */,
				AC56C21D23918170003A7B54 /* URLSessionEngine.swift in Sources */,
				AC8C0B6723917BBE008B2006 /* FeedCoordinator.swift in Sources */,
				AC56C20F23917FF2003A7B54 /* ImageProvider.swift in Sources */,
				AC56C22D2391827E003A7B54 /* Promise.swift in Sources */,
				AC5D0DFF2397A1BF00A3F671 /* CategoriesTableViewCell.swift in Sources */,
				AC8C0B6523917BB2008B2006 /* CategoriesCoordinator.swift in Sources */,
				AC980F8823954D4400011B56 /* ArticleResponse.swift in Sources */,
				AC56C225239181FD003A7B54 /* HTTPRequest.swift in Sources */,
				AC8C0B2E2391691A008B2006 /* SceneDelegate.swift in Sources */,
				AC8C0B592391782F008B2006 /* ListingViewModel.swift in Sources */,
				AC5D0DFD2397A18700A3F671 /* CategoriesDataSource.swift in Sources */,
			);
			runOnlyForDeploymentPostprocessing = 0;
		};
		AC8C0B3A2391691E008B2006 /* Sources */ = {
			isa = PBXSourcesBuildPhase;
			buildActionMask = 2147483647;
			files = (
				AC8C0B432391691E008B2006 /* EgymProjectTests.swift in Sources */,
			);
			runOnlyForDeploymentPostprocessing = 0;
		};
/* End PBXSourcesBuildPhase section */

/* Begin PBXTargetDependency section */
		AC8C0B402391691E008B2006 /* PBXTargetDependency */ = {
			isa = PBXTargetDependency;
			target = AC8C0B2723916919008B2006 /* EgymProject */;
			targetProxy = AC8C0B3F2391691E008B2006 /* PBXContainerItemProxy */;
		};
/* End PBXTargetDependency section */

/* Begin PBXVariantGroup section */
		AC8C0B312391691A008B2006 /* Main.storyboard */ = {
			isa = PBXVariantGroup;
			children = (
				AC8C0B322391691A008B2006 /* Base */,
			);
			name = Main.storyboard;
			sourceTree = "<group>";
		};
		AC8C0B362391691D008B2006 /* LaunchScreen.storyboard */ = {
			isa = PBXVariantGroup;
			children = (
				AC8C0B372391691D008B2006 /* Base */,
			);
			name = LaunchScreen.storyboard;
			sourceTree = "<group>";
		};
/* End PBXVariantGroup section */

/* Begin XCBuildConfiguration section */
		AC8C0B452391691E008B2006 /* Debug */ = {
			isa = XCBuildConfiguration;
			buildSettings = {
				ALWAYS_SEARCH_USER_PATHS = NO;
				CLANG_ANALYZER_NONNULL = YES;
				CLANG_ANALYZER_NUMBER_OBJECT_CONVERSION = YES_AGGRESSIVE;
				CLANG_CXX_LANGUAGE_STANDARD = "gnu++14";
				CLANG_CXX_LIBRARY = "libc++";
				CLANG_ENABLE_MODULES = YES;
				CLANG_ENABLE_OBJC_ARC = YES;
				CLANG_ENABLE_OBJC_WEAK = YES;
				CLANG_WARN_BLOCK_CAPTURE_AUTORELEASING = YES;
				CLANG_WARN_BOOL_CONVERSION = YES;
				CLANG_WARN_COMMA = YES;
				CLANG_WARN_CONSTANT_CONVERSION = YES;
				CLANG_WARN_DEPRECATED_OBJC_IMPLEMENTATIONS = YES;
				CLANG_WARN_DIRECT_OBJC_ISA_USAGE = YES_ERROR;
				CLANG_WARN_DOCUMENTATION_COMMENTS = YES;
				CLANG_WARN_EMPTY_BODY = YES;
				CLANG_WARN_ENUM_CONVERSION = YES;
				CLANG_WARN_INFINITE_RECURSION = YES;
				CLANG_WARN_INT_CONVERSION = YES;
				CLANG_WARN_NON_LITERAL_NULL_CONVERSION = YES;
				CLANG_WARN_OBJC_IMPLICIT_RETAIN_SELF = YES;
				CLANG_WARN_OBJC_LITERAL_CONVERSION = YES;
				CLANG_WARN_OBJC_ROOT_CLASS = YES_ERROR;
				CLANG_WARN_RANGE_LOOP_ANALYSIS = YES;
				CLANG_WARN_STRICT_PROTOTYPES = YES;
				CLANG_WARN_SUSPICIOUS_MOVE = YES;
				CLANG_WARN_UNGUARDED_AVAILABILITY = YES_AGGRESSIVE;
				CLANG_WARN_UNREACHABLE_CODE = YES;
				CLANG_WARN__DUPLICATE_METHOD_MATCH = YES;
				COPY_PHASE_STRIP = NO;
				DEBUG_INFORMATION_FORMAT = dwarf;
				ENABLE_STRICT_OBJC_MSGSEND = YES;
				ENABLE_TESTABILITY = YES;
				GCC_C_LANGUAGE_STANDARD = gnu11;
				GCC_DYNAMIC_NO_PIC = NO;
				GCC_NO_COMMON_BLOCKS = YES;
				GCC_OPTIMIZATION_LEVEL = 0;
				GCC_PREPROCESSOR_DEFINITIONS = (
					"DEBUG=1",
					"$(inherited)",
				);
				GCC_WARN_64_TO_32_BIT_CONVERSION = YES;
				GCC_WARN_ABOUT_RETURN_TYPE = YES_ERROR;
				GCC_WARN_UNDECLARED_SELECTOR = YES;
				GCC_WARN_UNINITIALIZED_AUTOS = YES_AGGRESSIVE;
				GCC_WARN_UNUSED_FUNCTION = YES;
				GCC_WARN_UNUSED_VARIABLE = YES;
				IPHONEOS_DEPLOYMENT_TARGET = 13.0;
				MTL_ENABLE_DEBUG_INFO = INCLUDE_SOURCE;
				MTL_FAST_MATH = YES;
				ONLY_ACTIVE_ARCH = YES;
				SDKROOT = iphoneos;
				SWIFT_ACTIVE_COMPILATION_CONDITIONS = DEBUG;
				SWIFT_OPTIMIZATION_LEVEL = "-Onone";
			};
			name = Debug;
		};
		AC8C0B462391691E008B2006 /* Release */ = {
			isa = XCBuildConfiguration;
			buildSettings = {
				ALWAYS_SEARCH_USER_PATHS = NO;
				CLANG_ANALYZER_NONNULL = YES;
				CLANG_ANALYZER_NUMBER_OBJECT_CONVERSION = YES_AGGRESSIVE;
				CLANG_CXX_LANGUAGE_STANDARD = "gnu++14";
				CLANG_CXX_LIBRARY = "libc++";
				CLANG_ENABLE_MODULES = YES;
				CLANG_ENABLE_OBJC_ARC = YES;
				CLANG_ENABLE_OBJC_WEAK = YES;
				CLANG_WARN_BLOCK_CAPTURE_AUTORELEASING = YES;
				CLANG_WARN_BOOL_CONVERSION = YES;
				CLANG_WARN_COMMA = YES;
				CLANG_WARN_CONSTANT_CONVERSION = YES;
				CLANG_WARN_DEPRECATED_OBJC_IMPLEMENTATIONS = YES;
				CLANG_WARN_DIRECT_OBJC_ISA_USAGE = YES_ERROR;
				CLANG_WARN_DOCUMENTATION_COMMENTS = YES;
				CLANG_WARN_EMPTY_BODY = YES;
				CLANG_WARN_ENUM_CONVERSION = YES;
				CLANG_WARN_INFINITE_RECURSION = YES;
				CLANG_WARN_INT_CONVERSION = YES;
				CLANG_WARN_NON_LITERAL_NULL_CONVERSION = YES;
				CLANG_WARN_OBJC_IMPLICIT_RETAIN_SELF = YES;
				CLANG_WARN_OBJC_LITERAL_CONVERSION = YES;
				CLANG_WARN_OBJC_ROOT_CLASS = YES_ERROR;
				CLANG_WARN_RANGE_LOOP_ANALYSIS = YES;
				CLANG_WARN_STRICT_PROTOTYPES = YES;
				CLANG_WARN_SUSPICIOUS_MOVE = YES;
				CLANG_WARN_UNGUARDED_AVAILABILITY = YES_AGGRESSIVE;
				CLANG_WARN_UNREACHABLE_CODE = YES;
				CLANG_WARN__DUPLICATE_METHOD_MATCH = YES;
				COPY_PHASE_STRIP = NO;
				DEBUG_INFORMATION_FORMAT = "dwarf-with-dsym";
				ENABLE_NS_ASSERTIONS = NO;
				ENABLE_STRICT_OBJC_MSGSEND = YES;
				GCC_C_LANGUAGE_STANDARD = gnu11;
				GCC_NO_COMMON_BLOCKS = YES;
				GCC_WARN_64_TO_32_BIT_CONVERSION = YES;
				GCC_WARN_ABOUT_RETURN_TYPE = YES_ERROR;
				GCC_WARN_UNDECLARED_SELECTOR = YES;
				GCC_WARN_UNINITIALIZED_AUTOS = YES_AGGRESSIVE;
				GCC_WARN_UNUSED_FUNCTION = YES;
				GCC_WARN_UNUSED_VARIABLE = YES;
				IPHONEOS_DEPLOYMENT_TARGET = 13.0;
				MTL_ENABLE_DEBUG_INFO = NO;
				MTL_FAST_MATH = YES;
				SDKROOT = iphoneos;
				SWIFT_COMPILATION_MODE = wholemodule;
				SWIFT_OPTIMIZATION_LEVEL = "-O";
				VALIDATE_PRODUCT = YES;
			};
			name = Release;
		};
		AC8C0B482391691E008B2006 /* Debug */ = {
			isa = XCBuildConfiguration;
			buildSettings = {
				ASSETCATALOG_COMPILER_APPICON_NAME = AppIcon;
				CODE_SIGN_STYLE = Automatic;
				DEVELOPMENT_TEAM = B3ZXCXJK7A;
				INFOPLIST_FILE = EgymProject/Info.plist;
				LD_RUNPATH_SEARCH_PATHS = (
					"$(inherited)",
					"@executable_path/Frameworks",
				);
				PRODUCT_BUNDLE_IDENTIFIER = Cublax.EgymProject;
				PRODUCT_NAME = "$(TARGET_NAME)";
				SWIFT_VERSION = 5.0;
				TARGETED_DEVICE_FAMILY = "1,2";
			};
			name = Debug;
		};
		AC8C0B492391691E008B2006 /* Release */ = {
			isa = XCBuildConfiguration;
			buildSettings = {
				ASSETCATALOG_COMPILER_APPICON_NAME = AppIcon;
				CODE_SIGN_STYLE = Automatic;
				DEVELOPMENT_TEAM = B3ZXCXJK7A;
				INFOPLIST_FILE = EgymProject/Info.plist;
				LD_RUNPATH_SEARCH_PATHS = (
					"$(inherited)",
					"@executable_path/Frameworks",
				);
				PRODUCT_BUNDLE_IDENTIFIER = Cublax.EgymProject;
				PRODUCT_NAME = "$(TARGET_NAME)";
				SWIFT_VERSION = 5.0;
				TARGETED_DEVICE_FAMILY = "1,2";
			};
			name = Release;
		};
		AC8C0B4B2391691E008B2006 /* Debug */ = {
			isa = XCBuildConfiguration;
			buildSettings = {
				ALWAYS_EMBED_SWIFT_STANDARD_LIBRARIES = YES;
				BUNDLE_LOADER = "$(TEST_HOST)";
				CODE_SIGN_STYLE = Automatic;
				DEVELOPMENT_TEAM = B3ZXCXJK7A;
				INFOPLIST_FILE = EgymProjectTests/Info.plist;
				IPHONEOS_DEPLOYMENT_TARGET = 13.0;
				LD_RUNPATH_SEARCH_PATHS = (
					"$(inherited)",
					"@executable_path/Frameworks",
					"@loader_path/Frameworks",
				);
				PRODUCT_BUNDLE_IDENTIFIER = Cublax.EgymProjectTests;
				PRODUCT_NAME = "$(TARGET_NAME)";
				SWIFT_VERSION = 5.0;
				TARGETED_DEVICE_FAMILY = "1,2";
				TEST_HOST = "$(BUILT_PRODUCTS_DIR)/EgymProject.app/EgymProject";
			};
			name = Debug;
		};
		AC8C0B4C2391691E008B2006 /* Release */ = {
			isa = XCBuildConfiguration;
			buildSettings = {
				ALWAYS_EMBED_SWIFT_STANDARD_LIBRARIES = YES;
				BUNDLE_LOADER = "$(TEST_HOST)";
				CODE_SIGN_STYLE = Automatic;
				DEVELOPMENT_TEAM = B3ZXCXJK7A;
				INFOPLIST_FILE = EgymProjectTests/Info.plist;
				IPHONEOS_DEPLOYMENT_TARGET = 13.0;
				LD_RUNPATH_SEARCH_PATHS = (
					"$(inherited)",
					"@executable_path/Frameworks",
					"@loader_path/Frameworks",
				);
				PRODUCT_BUNDLE_IDENTIFIER = Cublax.EgymProjectTests;
				PRODUCT_NAME = "$(TARGET_NAME)";
				SWIFT_VERSION = 5.0;
				TARGETED_DEVICE_FAMILY = "1,2";
				TEST_HOST = "$(BUILT_PRODUCTS_DIR)/EgymProject.app/EgymProject";
			};
			name = Release;
		};
/* End XCBuildConfiguration section */

/* Begin XCConfigurationList section */
		AC8C0B2323916919008B2006 /* Build configuration list for PBXProject "EgymProject" */ = {
			isa = XCConfigurationList;
			buildConfigurations = (
				AC8C0B452391691E008B2006 /* Debug */,
				AC8C0B462391691E008B2006 /* Release */,
			);
			defaultConfigurationIsVisible = 0;
			defaultConfigurationName = Release;
		};
		AC8C0B472391691E008B2006 /* Build configuration list for PBXNativeTarget "EgymProject" */ = {
			isa = XCConfigurationList;
			buildConfigurations = (
				AC8C0B482391691E008B2006 /* Debug */,
				AC8C0B492391691E008B2006 /* Release */,
			);
			defaultConfigurationIsVisible = 0;
			defaultConfigurationName = Release;
		};
		AC8C0B4A2391691E008B2006 /* Build configuration list for PBXNativeTarget "EgymProjectTests" */ = {
			isa = XCConfigurationList;
			buildConfigurations = (
				AC8C0B4B2391691E008B2006 /* Debug */,
				AC8C0B4C2391691E008B2006 /* Release */,
			);
			defaultConfigurationIsVisible = 0;
			defaultConfigurationName = Release;
		};
/* End XCConfigurationList section */
	};
	rootObject = AC8C0B2023916919008B2006 /* Project object */;
}
